
Microsoft Visual Studio Solution File, Format Version 12.00
# Visual Studio Version 17
VisualStudioVersion = 17.2.32317.152
MinimumVisualStudioVersion = 10.0.40219.1
Project("{2150E333-8FDC-42A3-9474-1A3956D46DE8}") = ".github", ".github", "{7B185948-2888-4B72-AF7D-22E6ABD1426C}"
EndProject
Project("{2150E333-8FDC-42A3-9474-1A3956D46DE8}") = "workflows", "workflows", "{71B6B909-F44B-4E49-9C7B-891C7E8DECB4}"
	ProjectSection(SolutionItems) = preProject
		main.yml = main.yml
	EndProjectSection
EndProject
Project("{8BC9CEB8-8B4A-11D0-8D11-00A0C91BC942}") = "HelloWorld", "HelloWorld\HelloWorld.vcxproj", "{1CC63A0A-04A2-42AE-9F90-5609F1A38B7D}"
EndProject
Global
	GlobalSection(SolutionConfigurationPlatforms) = preSolution
		Debug|x64 = Debug|x64
		Debug|x86 = Debug|x86
		Release|x64 = Release|x64
		Release|x86 = Release|x86
	EndGlobalSection
	GlobalSection(ProjectConfigurationPlatforms) = postSolution
		{1CC63A0A-04A2-42AE-9F90-5609F1A38B7D}.Debug|x64.ActiveCfg = Debug|x64
		{1CC63A0A-04A2-42AE-9F90-5609F1A38B7D}.Debug|x64.Build.0 = Debug|x64
		{1CC63A0A-04A2-42AE-9F90-5609F1A38B7D}.Debug|x86.ActiveCfg = Debug|Win32
		{1CC63A0A-04A2-42AE-9F90-5609F1A38B7D}.Debug|x86.Build.0 = Debug|Win32
		{1CC63A0A-04A2-42AE-9F90-5609F1A38B7D}.Release|x64.ActiveCfg = Release|x64
		{1CC63A0A-04A2-42AE-9F90-5609F1A38B7D}.Release|x64.Build.0 = Release|x64
		{1CC63A0A-04A2-42AE-9F90-5609F1A38B7D}.Release|x86.ActiveCfg = Release|Win32
		{1CC63A0A-04A2-42AE-9F90-5609F1A38B7D}.Release|x86.Build.0 = Release|Win32
	EndGlobalSection
	GlobalSection(SolutionProperties) = preSolution
		HideSolutionNode = FALSE
	EndGlobalSection
	GlobalSection(NestedProjects) = preSolution
		{71B6B909-F44B-4E49-9C7B-891C7E8DECB4} = {7B185948-2888-4B72-AF7D-22E6ABD1426C}
	EndGlobalSection
	GlobalSection(ExtensibilityGlobals) = postSolution
		SolutionGuid = {D9BF65D2-EF21-4C89-8F89-380AD823F3B2}
	EndGlobalSection
EndGlobal
